
Microsoft Visual Studio Solution File, Format Version 12.00
# Visual Studio Version 16
VisualStudioVersion = 16.0.30907.101
MinimumVisualStudioVersion = 10.0.40219.1
Project("{FAE04EC0-301F-11D3-BF4B-00C04F79EFBC}") = "NineLesson", "NineLesson\NineLesson.csproj", "{80C71E2E-1BC7-4480-AE0F-EDB72B9EAD24}"
EndProject
Global
	GlobalSection(SolutionConfigurationPlatforms) = preSolution
		Debug|Any CPU = Debug|Any CPU
		Release|Any CPU = Release|Any CPU
	EndGlobalSection
	GlobalSection(ProjectConfigurationPlatforms) = postSolution
		{80C71E2E-1BC7-4480-AE0F-EDB72B9EAD24}.Debug|Any CPU.ActiveCfg = Debug|Any CPU
		{80C71E2E-1BC7-4480-AE0F-EDB72B9EAD24}.Debug|Any CPU.Build.0 = Debug|Any CPU
		{80C71E2E-1BC7-4480-AE0F-EDB72B9EAD24}.Release|Any CPU.ActiveCfg = Release|Any CPU
		{80C71E2E-1BC7-4480-AE0F-EDB72B9EAD24}.Release|Any CPU.Build.0 = Release|Any CPU
	EndGlobalSection
	GlobalSection(SolutionProperties) = preSolution
		HideSolutionNode = FALSE
	EndGlobalSection
	GlobalSection(ExtensibilityGlobals) = postSolution
		SolutionGuid = {62A05154-40D8-451E-AB86-D9D18C560DD3}
	EndGlobalSection
EndGlobal
